
Microsoft Visual Studio Solution File, Format Version 12.00
# Visual Studio Version 17
VisualStudioVersion = 17.6.33815.320
MinimumVisualStudioVersion = 10.0.40219.1
Project("{9A19103F-16F7-4668-BE54-9A1E7A4F7556}") = "01. Count Chars in a String", "01. Count Chars in a String\01. Count Chars in a String.csproj", "{5D9ADE85-6D21-4ABC-B10C-640EAA2D6C62}"
EndProject
Project("{9A19103F-16F7-4668-BE54-9A1E7A4F7556}") = "02. A Miner Task", "02. A Miner Task\02. A Miner Task.csproj", "{E6855427-BA7A-4B34-9D1D-C0301E795112}"
EndProject
Project("{9A19103F-16F7-4668-BE54-9A1E7A4F7556}") = "03. Orders", "03. Orders\03. Orders.csproj", "{2A4BA85B-AAFD-48D2-8854-DEFB4E910959}"
EndProject
Project("{FAE04EC0-301F-11D3-BF4B-00C04F79EFBC}") = "04. SoftUni Parking", "04. SoftUni Parking\04. SoftUni Parking.csproj", "{96221B00-0BCB-42E2-8532-F0F1C26AA225}"
EndProject
Project("{FAE04EC0-301F-11D3-BF4B-00C04F79EFBC}") = "05. Courses", "05. Courses\05. Courses.csproj", "{B644C571-19FD-4AA0-8E39-A8CCCC18B1F4}"
EndProject
Project("{FAE04EC0-301F-11D3-BF4B-00C04F79EFBC}") = "06. Student Academy", "06. Student Academy\06. Student Academy.csproj", "{BFD670AD-4C73-487B-8492-D9F2057C0B09}"
EndProject
Project("{FAE04EC0-301F-11D3-BF4B-00C04F79EFBC}") = "07. Company Users", "07. Company Users\07. Company Users.csproj", "{CD4CD7CE-47FD-40A3-832C-C6CD6FB6EC18}"
EndProject
Global
	GlobalSection(SolutionConfigurationPlatforms) = preSolution
		Debug|Any CPU = Debug|Any CPU
		Release|Any CPU = Release|Any CPU
	EndGlobalSection
	GlobalSection(ProjectConfigurationPlatforms) = postSolution
		{5D9ADE85-6D21-4ABC-B10C-640EAA2D6C62}.Debug|Any CPU.ActiveCfg = Debug|Any CPU
		{5D9ADE85-6D21-4ABC-B10C-640EAA2D6C62}.Debug|Any CPU.Build.0 = Debug|Any CPU
		{5D9ADE85-6D21-4ABC-B10C-640EAA2D6C62}.Release|Any CPU.ActiveCfg = Release|Any CPU
		{5D9ADE85-6D21-4ABC-B10C-640EAA2D6C62}.Release|Any CPU.Build.0 = Release|Any CPU
		{E6855427-BA7A-4B34-9D1D-C0301E795112}.Debug|Any CPU.ActiveCfg = Debug|Any CPU
		{E6855427-BA7A-4B34-9D1D-C0301E795112}.Debug|Any CPU.Build.0 = Debug|Any CPU
		{E6855427-BA7A-4B34-9D1D-C0301E795112}.Release|Any CPU.ActiveCfg = Release|Any CPU
		{E6855427-BA7A-4B34-9D1D-C0301E795112}.Release|Any CPU.Build.0 = Release|Any CPU
		{2A4BA85B-AAFD-48D2-8854-DEFB4E910959}.Debug|Any CPU.ActiveCfg = Debug|Any CPU
		{2A4BA85B-AAFD-48D2-8854-DEFB4E910959}.Debug|Any CPU.Build.0 = Debug|Any CPU
		{2A4BA85B-AAFD-48D2-8854-DEFB4E910959}.Release|Any CPU.ActiveCfg = Release|Any CPU
		{2A4BA85B-AAFD-48D2-8854-DEFB4E910959}.Release|Any CPU.Build.0 = Release|Any CPU
		{96221B00-0BCB-42E2-8532-F0F1C26AA225}.Debug|Any CPU.ActiveCfg = Debug|Any CPU
		{96221B00-0BCB-42E2-8532-F0F1C26AA225}.Debug|Any CPU.Build.0 = Debug|Any CPU
		{96221B00-0BCB-42E2-8532-F0F1C26AA225}.Release|Any CPU.ActiveCfg = Release|Any CPU
		{96221B00-0BCB-42E2-8532-F0F1C26AA225}.Release|Any CPU.Build.0 = Release|Any CPU
		{B644C571-19FD-4AA0-8E39-A8CCCC18B1F4}.Debug|Any CPU.ActiveCfg = Debug|Any CPU
		{B644C571-19FD-4AA0-8E39-A8CCCC18B1F4}.Debug|Any CPU.Build.0 = Debug|Any CPU
		{B644C571-19FD-4AA0-8E39-A8CCCC18B1F4}.Release|Any CPU.ActiveCfg = Release|Any CPU
		{B644C571-19FD-4AA0-8E39-A8CCCC18B1F4}.Release|Any CPU.Build.0 = Release|Any CPU
		{BFD670AD-4C73-487B-8492-D9F2057C0B09}.Debug|Any CPU.ActiveCfg = Debug|Any CPU
		{BFD670AD-4C73-487B-8492-D9F2057C0B09}.Debug|Any CPU.Build.0 = Debug|Any CPU
		{BFD670AD-4C73-487B-8492-D9F2057C0B09}.Release|Any CPU.ActiveCfg = Release|Any CPU
		{BFD670AD-4C73-487B-8492-D9F2057C0B09}.Release|Any CPU.Build.0 = Release|Any CPU
		{CD4CD7CE-47FD-40A3-832C-C6CD6FB6EC18}.Debug|Any CPU.ActiveCfg = Debug|Any CPU
		{CD4CD7CE-47FD-40A3-832C-C6CD6FB6EC18}.Debug|Any CPU.Build.0 = Debug|Any CPU
		{CD4CD7CE-47FD-40A3-832C-C6CD6FB6EC18}.Release|Any CPU.ActiveCfg = Release|Any CPU
		{CD4CD7CE-47FD-40A3-832C-C6CD6FB6EC18}.Release|Any CPU.Build.0 = Release|Any CPU
	EndGlobalSection
	GlobalSection(SolutionProperties) = preSolution
		HideSolutionNode = FALSE
	EndGlobalSection
	GlobalSection(ExtensibilityGlobals) = postSolution
		SolutionGuid = {13824D2C-0358-4AD1-AD5B-8B25561026DC}
	EndGlobalSection
EndGlobal
