
Microsoft Visual Studio Solution File, Format Version 12.00
# Visual Studio Version 17
VisualStudioVersion = 17.6.33717.318
MinimumVisualStudioVersion = 10.0.40219.1
Project("{9A19103F-16F7-4668-BE54-9A1E7A4F7556}") = "01. Train", "01. Train\01. Train.csproj", "{C9EF8DFE-B1A6-49AC-BD18-E6B3F3B1BF7F}"
EndProject
Project("{9A19103F-16F7-4668-BE54-9A1E7A4F7556}") = "02. Common Elements", "02. Common Elements\02. Common Elements.csproj", "{BF23B2A9-57DB-4A70-BF89-FDA3BBBACC01}"
EndProject
Project("{9A19103F-16F7-4668-BE54-9A1E7A4F7556}") = "03. Zig-Zag Arrays", "3. Zig-Zag Arrays\03. Zig-Zag Arrays.csproj", "{1F6AF722-B57A-46D2-A093-30C271BF63D0}"
EndProject
Project("{9A19103F-16F7-4668-BE54-9A1E7A4F7556}") = "04. Array Rotation", "04. Array Rotation\04. Array Rotation.csproj", "{F3E90FE0-1408-4AB3-8C1B-A75272F647C6}"
EndProject
Project("{9A19103F-16F7-4668-BE54-9A1E7A4F7556}") = "05. Top Integers", "05. Top Integers\05. Top Integers.csproj", "{22401EDA-0450-4826-ABA0-C4FE7199601E}"
EndProject
Project("{9A19103F-16F7-4668-BE54-9A1E7A4F7556}") = "06. Equal Sum", "06. Equal Sum\06. Equal Sum.csproj", "{A52E9D6C-BF6F-4EE0-9E8C-CC3A9E6AFE39}"
EndProject
Project("{FAE04EC0-301F-11D3-BF4B-00C04F79EFBC}") = "07. Max Sequence of Equal Elements", "07. Max Sequence of Equal Elements\07. Max Sequence of Equal Elements.csproj", "{013C2313-B1EE-4F47-B127-8C369804DF57}"
EndProject
Project("{FAE04EC0-301F-11D3-BF4B-00C04F79EFBC}") = "08. Magic Sum", "08. Magic Sum\08. Magic Sum.csproj", "{70884281-78FE-4F57-AD2A-D18E83201A92}"
EndProject
Project("{FAE04EC0-301F-11D3-BF4B-00C04F79EFBC}") = "09. Kamino Factory", "09. Kamino Factory\09. Kamino Factory.csproj", "{E0AF7E2A-8E64-427C-8F34-E5700A1EFA19}"
EndProject
Project("{FAE04EC0-301F-11D3-BF4B-00C04F79EFBC}") = "10. LadyBugs", "10. LadyBugs\10. LadyBugs.csproj", "{208F1DDC-ACCC-4DF7-BCD2-84A4F067AA08}"
EndProject
Global
	GlobalSection(SolutionConfigurationPlatforms) = preSolution
		Debug|Any CPU = Debug|Any CPU
		Release|Any CPU = Release|Any CPU
	EndGlobalSection
	GlobalSection(ProjectConfigurationPlatforms) = postSolution
		{C9EF8DFE-B1A6-49AC-BD18-E6B3F3B1BF7F}.Debug|Any CPU.ActiveCfg = Debug|Any CPU
		{C9EF8DFE-B1A6-49AC-BD18-E6B3F3B1BF7F}.Debug|Any CPU.Build.0 = Debug|Any CPU
		{C9EF8DFE-B1A6-49AC-BD18-E6B3F3B1BF7F}.Release|Any CPU.ActiveCfg = Release|Any CPU
		{C9EF8DFE-B1A6-49AC-BD18-E6B3F3B1BF7F}.Release|Any CPU.Build.0 = Release|Any CPU
		{BF23B2A9-57DB-4A70-BF89-FDA3BBBACC01}.Debug|Any CPU.ActiveCfg = Debug|Any CPU
		{BF23B2A9-57DB-4A70-BF89-FDA3BBBACC01}.Debug|Any CPU.Build.0 = Debug|Any CPU
		{BF23B2A9-57DB-4A70-BF89-FDA3BBBACC01}.Release|Any CPU.ActiveCfg = Release|Any CPU
		{BF23B2A9-57DB-4A70-BF89-FDA3BBBACC01}.Release|Any CPU.Build.0 = Release|Any CPU
		{1F6AF722-B57A-46D2-A093-30C271BF63D0}.Debug|Any CPU.ActiveCfg = Debug|Any CPU
		{1F6AF722-B57A-46D2-A093-30C271BF63D0}.Debug|Any CPU.Build.0 = Debug|Any CPU
		{1F6AF722-B57A-46D2-A093-30C271BF63D0}.Release|Any CPU.ActiveCfg = Release|Any CPU
		{1F6AF722-B57A-46D2-A093-30C271BF63D0}.Release|Any CPU.Build.0 = Release|Any CPU
		{F3E90FE0-1408-4AB3-8C1B-A75272F647C6}.Debug|Any CPU.ActiveCfg = Debug|Any CPU
		{F3E90FE0-1408-4AB3-8C1B-A75272F647C6}.Debug|Any CPU.Build.0 = Debug|Any CPU
		{F3E90FE0-1408-4AB3-8C1B-A75272F647C6}.Release|Any CPU.ActiveCfg = Release|Any CPU
		{F3E90FE0-1408-4AB3-8C1B-A75272F647C6}.Release|Any CPU.Build.0 = Release|Any CPU
		{22401EDA-0450-4826-ABA0-C4FE7199601E}.Debug|Any CPU.ActiveCfg = Debug|Any CPU
		{22401EDA-0450-4826-ABA0-C4FE7199601E}.Debug|Any CPU.Build.0 = Debug|Any CPU
		{22401EDA-0450-4826-ABA0-C4FE7199601E}.Release|Any CPU.ActiveCfg = Release|Any CPU
		{22401EDA-0450-4826-ABA0-C4FE7199601E}.Release|Any CPU.Build.0 = Release|Any CPU
		{A52E9D6C-BF6F-4EE0-9E8C-CC3A9E6AFE39}.Debug|Any CPU.ActiveCfg = Debug|Any CPU
		{A52E9D6C-BF6F-4EE0-9E8C-CC3A9E6AFE39}.Debug|Any CPU.Build.0 = Debug|Any CPU
		{A52E9D6C-BF6F-4EE0-9E8C-CC3A9E6AFE39}.Release|Any CPU.ActiveCfg = Release|Any CPU
		{A52E9D6C-BF6F-4EE0-9E8C-CC3A9E6AFE39}.Release|Any CPU.Build.0 = Release|Any CPU
		{013C2313-B1EE-4F47-B127-8C369804DF57}.Debug|Any CPU.ActiveCfg = Debug|Any CPU
		{013C2313-B1EE-4F47-B127-8C369804DF57}.Debug|Any CPU.Build.0 = Debug|Any CPU
		{013C2313-B1EE-4F47-B127-8C369804DF57}.Release|Any CPU.ActiveCfg = Release|Any CPU
		{013C2313-B1EE-4F47-B127-8C369804DF57}.Release|Any CPU.Build.0 = Release|Any CPU
		{70884281-78FE-4F57-AD2A-D18E83201A92}.Debug|Any CPU.ActiveCfg = Debug|Any CPU
		{70884281-78FE-4F57-AD2A-D18E83201A92}.Debug|Any CPU.Build.0 = Debug|Any CPU
		{70884281-78FE-4F57-AD2A-D18E83201A92}.Release|Any CPU.ActiveCfg = Release|Any CPU
		{70884281-78FE-4F57-AD2A-D18E83201A92}.Release|Any CPU.Build.0 = Release|Any CPU
		{E0AF7E2A-8E64-427C-8F34-E5700A1EFA19}.Debug|Any CPU.ActiveCfg = Debug|Any CPU
		{E0AF7E2A-8E64-427C-8F34-E5700A1EFA19}.Debug|Any CPU.Build.0 = Debug|Any CPU
		{E0AF7E2A-8E64-427C-8F34-E5700A1EFA19}.Release|Any CPU.ActiveCfg = Release|Any CPU
		{E0AF7E2A-8E64-427C-8F34-E5700A1EFA19}.Release|Any CPU.Build.0 = Release|Any CPU
		{208F1DDC-ACCC-4DF7-BCD2-84A4F067AA08}.Debug|Any CPU.ActiveCfg = Debug|Any CPU
		{208F1DDC-ACCC-4DF7-BCD2-84A4F067AA08}.Debug|Any CPU.Build.0 = Debug|Any CPU
		{208F1DDC-ACCC-4DF7-BCD2-84A4F067AA08}.Release|Any CPU.ActiveCfg = Release|Any CPU
		{208F1DDC-ACCC-4DF7-BCD2-84A4F067AA08}.Release|Any CPU.Build.0 = Release|Any CPU
	EndGlobalSection
	GlobalSection(SolutionProperties) = preSolution
		HideSolutionNode = FALSE
	EndGlobalSection
	GlobalSection(ExtensibilityGlobals) = postSolution
		SolutionGuid = {FD5CB8F2-4903-454D-9C97-179B0579C68D}
	EndGlobalSection
EndGlobal
