
Microsoft Visual Studio Solution File, Format Version 12.00
# Visual Studio Version 17
VisualStudioVersion = 17.6.33723.286
MinimumVisualStudioVersion = 10.0.40219.1
Project("{FAE04EC0-301F-11D3-BF4B-00C04F79EFBC}") = "01.", "01\01..csproj", "{FB077E81-FC7F-4BB9-8168-7EFDF8F05936}"
EndProject
Project("{FAE04EC0-301F-11D3-BF4B-00C04F79EFBC}") = "02.", "02\02..csproj", "{7457A09A-C1CF-4211-A6A9-B64D27964784}"
EndProject
Project("{FAE04EC0-301F-11D3-BF4B-00C04F79EFBC}") = "03.", "03\03..csproj", "{E022E105-BE63-438D-824A-A0A733D2ED05}"
EndProject
Global
	GlobalSection(SolutionConfigurationPlatforms) = preSolution
		Debug|Any CPU = Debug|Any CPU
		Release|Any CPU = Release|Any CPU
	EndGlobalSection
	GlobalSection(ProjectConfigurationPlatforms) = postSolution
		{FB077E81-FC7F-4BB9-8168-7EFDF8F05936}.Debug|Any CPU.ActiveCfg = Debug|Any CPU
		{FB077E81-FC7F-4BB9-8168-7EFDF8F05936}.Debug|Any CPU.Build.0 = Debug|Any CPU
		{FB077E81-FC7F-4BB9-8168-7EFDF8F05936}.Release|Any CPU.ActiveCfg = Release|Any CPU
		{FB077E81-FC7F-4BB9-8168-7EFDF8F05936}.Release|Any CPU.Build.0 = Release|Any CPU
		{7457A09A-C1CF-4211-A6A9-B64D27964784}.Debug|Any CPU.ActiveCfg = Debug|Any CPU
		{7457A09A-C1CF-4211-A6A9-B64D27964784}.Debug|Any CPU.Build.0 = Debug|Any CPU
		{7457A09A-C1CF-4211-A6A9-B64D27964784}.Release|Any CPU.ActiveCfg = Release|Any CPU
		{7457A09A-C1CF-4211-A6A9-B64D27964784}.Release|Any CPU.Build.0 = Release|Any CPU
		{E022E105-BE63-438D-824A-A0A733D2ED05}.Debug|Any CPU.ActiveCfg = Debug|Any CPU
		{E022E105-BE63-438D-824A-A0A733D2ED05}.Debug|Any CPU.Build.0 = Debug|Any CPU
		{E022E105-BE63-438D-824A-A0A733D2ED05}.Release|Any CPU.ActiveCfg = Release|Any CPU
		{E022E105-BE63-438D-824A-A0A733D2ED05}.Release|Any CPU.Build.0 = Release|Any CPU
	EndGlobalSection
	GlobalSection(SolutionProperties) = preSolution
		HideSolutionNode = FALSE
	EndGlobalSection
	GlobalSection(ExtensibilityGlobals) = postSolution
		SolutionGuid = {97EDB093-4DAB-4545-8B35-ECAA9E6A5347}
	EndGlobalSection
EndGlobal
